{
  "object": {
    "pins": [
      {
        "package": "AppsFlyerLib",
        "repositoryURL": "https://github.com/AppsFlyerSDK/AppsFlyerFramework.git",
        "state": {
          "branch": null,
          "revision": "096dfa446caae0b92d6dd00486a6178a6ffd9ad9",
          "version": "6.10.1"
        }
      }
    ]
  },
  "version": 1
}
